
Microsoft Visual Studio Solution File, Format Version 12.00
# Visual Studio Version 16
VisualStudioVersion = 16.0.30011.22
MinimumVisualStudioVersion = 10.0.40219.1
Project("{9A19103F-16F7-4668-BE54-9A1E7A4F7556}") = "DesafioBuilders", "DesafioBuilders\DesafioBuilders.csproj", "{380E23BB-B952-4120-8913-6172D1551B8A}"
EndProject
Project("{9A19103F-16F7-4668-BE54-9A1E7A4F7556}") = "DesafioBuilders.Tests", "XUnitTestProject1\DesafioBuilders.Tests.csproj", "{2874A955-017F-431D-A2E9-FD9A26BC697B}"
EndProject
Global
	GlobalSection(SolutionConfigurationPlatforms) = preSolution
		Debug|Any CPU = Debug|Any CPU
		Release|Any CPU = Release|Any CPU
	EndGlobalSection
	GlobalSection(ProjectConfigurationPlatforms) = postSolution
		{380E23BB-B952-4120-8913-6172D1551B8A}.Debug|Any CPU.ActiveCfg = Debug|Any CPU
		{380E23BB-B952-4120-8913-6172D1551B8A}.Debug|Any CPU.Build.0 = Debug|Any CPU
		{380E23BB-B952-4120-8913-6172D1551B8A}.Release|Any CPU.ActiveCfg = Release|Any CPU
		{380E23BB-B952-4120-8913-6172D1551B8A}.Release|Any CPU.Build.0 = Release|Any CPU
		{2874A955-017F-431D-A2E9-FD9A26BC697B}.Debug|Any CPU.ActiveCfg = Debug|Any CPU
		{2874A955-017F-431D-A2E9-FD9A26BC697B}.Debug|Any CPU.Build.0 = Debug|Any CPU
		{2874A955-017F-431D-A2E9-FD9A26BC697B}.Release|Any CPU.ActiveCfg = Release|Any CPU
		{2874A955-017F-431D-A2E9-FD9A26BC697B}.Release|Any CPU.Build.0 = Release|Any CPU
	EndGlobalSection
	GlobalSection(SolutionProperties) = preSolution
		HideSolutionNode = FALSE
	EndGlobalSection
	GlobalSection(ExtensibilityGlobals) = postSolution
		SolutionGuid = {CD315F7B-6AD8-4F1C-ADC0-4EB9616BC7C5}
	EndGlobalSection
EndGlobal
